
Microsoft Visual Studio Solution File, Format Version 12.00
# Visual Studio Version 17
VisualStudioVersion = 17.13.35931.197 d17.13
MinimumVisualStudioVersion = 10.0.40219.1
Project("{FAE04EC0-301F-11D3-BF4B-00C04F79EFBC}") = "TextRPG_assignment_2", "TextRPG_assignment_2\TextRPG_assignment_2.csproj", "{21FEA29D-05F3-4DB4-8DDB-BB1D565105BE}"
EndProject
Global
	GlobalSection(SolutionConfigurationPlatforms) = preSolution
		Debug|Any CPU = Debug|Any CPU
		Release|Any CPU = Release|Any CPU
	EndGlobalSection
	GlobalSection(ProjectConfigurationPlatforms) = postSolution
		{21FEA29D-05F3-4DB4-8DDB-BB1D565105BE}.Debug|Any CPU.ActiveCfg = Debug|Any CPU
		{21FEA29D-05F3-4DB4-8DDB-BB1D565105BE}.Debug|Any CPU.Build.0 = Debug|Any CPU
		{21FEA29D-05F3-4DB4-8DDB-BB1D565105BE}.Release|Any CPU.ActiveCfg = Release|Any CPU
		{21FEA29D-05F3-4DB4-8DDB-BB1D565105BE}.Release|Any CPU.Build.0 = Release|Any CPU
	EndGlobalSection
	GlobalSection(SolutionProperties) = preSolution
		HideSolutionNode = FALSE
	EndGlobalSection
	GlobalSection(ExtensibilityGlobals) = postSolution
		SolutionGuid = {AE72D85F-F087-404C-AD19-56C26B145C84}
	EndGlobalSection
EndGlobal
